
Microsoft Visual Studio Solution File, Format Version 12.00
# Visual Studio Version 17
VisualStudioVersion = 17.5.002.0
MinimumVisualStudioVersion = 10.0.40219.1
Project("{2150E333-8FDC-42A3-9474-1A3956D46DE8}") = "csharp-prep", "csharp-prep", "{B70ACDEC-2993-49A7-9D0B-347A563194D5}"
EndProject
Project("{9A19103F-16F7-4668-BE54-9A1E7A4F7556}") = "Prep1", "csharp-prep\Prep1\Prep1.csproj", "{2055F06F-DCBE-4C62-A852-53AF5FD77762}"
EndProject
Project("{9A19103F-16F7-4668-BE54-9A1E7A4F7556}") = "Prep2", "csharp-prep\Prep2\Prep2.csproj", "{12D86F6F-DB97-42D2-9FF5-D950525751A4}"
EndProject
Project("{9A19103F-16F7-4668-BE54-9A1E7A4F7556}") = "Prep3", "csharp-prep\Prep3\Prep3.csproj", "{433A1A3D-B785-4BC5-BA30-8073EA20E6E9}"
EndProject
Project("{9A19103F-16F7-4668-BE54-9A1E7A4F7556}") = "Prep4", "csharp-prep\Prep4\Prep4.csproj", "{71BF2469-729A-47E9-80C5-42B917BF88D2}"
EndProject
Project("{9A19103F-16F7-4668-BE54-9A1E7A4F7556}") = "Prep5", "csharp-prep\Prep5\Prep5.csproj", "{35B3680A-26C7-486B-84CF-91D978E0A5C7}"
EndProject
Project("{2150E333-8FDC-42A3-9474-1A3956D46DE8}") = "final", "final", "{F08E2F38-BA62-4FF2-A071-7048BE4FA706}"
EndProject
Project("{9A19103F-16F7-4668-BE54-9A1E7A4F7556}") = "FinalProject", "final\FinalProject\FinalProject.csproj", "{3496F4DF-46E2-4644-AFA1-B06EBB8DC559}"
EndProject
Project("{9A19103F-16F7-4668-BE54-9A1E7A4F7556}") = "Foundation1", "final\Foundation1\Foundation1.csproj", "{8F719947-F499-4ECA-BF49-1A0804F21C52}"
EndProject
Project("{9A19103F-16F7-4668-BE54-9A1E7A4F7556}") = "Foundation2", "final\Foundation2\Foundation2.csproj", "{F9217107-6F05-4069-B55A-DB6D9B7B26CB}"
EndProject
Project("{9A19103F-16F7-4668-BE54-9A1E7A4F7556}") = "Foundation3", "final\Foundation3\Foundation3.csproj", "{804E40A1-5BFA-467F-914E-C144145DD0DE}"
EndProject
Project("{9A19103F-16F7-4668-BE54-9A1E7A4F7556}") = "Foundation4", "final\Foundation4\Foundation4.csproj", "{B7E678AC-2143-4726-9C31-3BF2ABEA859A}"
EndProject
Project("{2150E333-8FDC-42A3-9474-1A3956D46DE8}") = "prepare", "prepare", "{598613C4-FE81-4E48-9F08-5E5B146BBF0F}"
EndProject
Project("{9A19103F-16F7-4668-BE54-9A1E7A4F7556}") = "Learning02", "prepare\Learning02\Learning02.csproj", "{61D7C6FA-D509-47EE-B0A8-6527DD327CD6}"
EndProject
Project("{9A19103F-16F7-4668-BE54-9A1E7A4F7556}") = "Learning03", "prepare\Learning03\Learning03.csproj", "{1C225A52-D8A7-4782-B5CB-5EB02C54B767}"
EndProject
Project("{9A19103F-16F7-4668-BE54-9A1E7A4F7556}") = "Learning04", "prepare\Learning04\Learning04.csproj", "{EADB34B0-B5EF-4EFF-A78B-5D3605DC55B2}"
EndProject
Project("{9A19103F-16F7-4668-BE54-9A1E7A4F7556}") = "Learning05", "prepare\Learning05\Learning05.csproj", "{818115A6-C167-467E-AA2C-873C5BCE854F}"
EndProject
Project("{2150E333-8FDC-42A3-9474-1A3956D46DE8}") = "prove", "prove", "{4DB1D113-6C9E-41CF-9633-B4E8B91313E7}"
EndProject
Project("{9A19103F-16F7-4668-BE54-9A1E7A4F7556}") = "Develop02", "prove\Develop02\Develop02.csproj", "{F56510A8-F6B8-4AFB-B120-F4FFDAB0A810}"
EndProject
Project("{9A19103F-16F7-4668-BE54-9A1E7A4F7556}") = "Develop03", "prove\Develop03\Develop03.csproj", "{42EA7389-9760-401E-8F34-FBC62DFAF1A5}"
EndProject
Project("{9A19103F-16F7-4668-BE54-9A1E7A4F7556}") = "Develop04", "prove\Develop04\Develop04.csproj", "{0D1C6691-D5DE-48CD-8512-8090C4A643D3}"
EndProject
Project("{9A19103F-16F7-4668-BE54-9A1E7A4F7556}") = "Develop05", "prove\Develop05\Develop05.csproj", "{4262E832-8AA3-4267-AB8A-4465E41DD6C3}"
EndProject
Project("{2150E333-8FDC-42A3-9474-1A3956D46DE8}") = "sandbox", "sandbox", "{6D40315A-C4DD-4302-AA62-4B307A89D5F2}"
EndProject
Project("{9A19103F-16F7-4668-BE54-9A1E7A4F7556}") = "Sandbox", "sandbox\Sandbox\Sandbox.csproj", "{1AC7398A-26C5-4A27-ABAE-4A6BAC3A10B4}"
EndProject
Global
	GlobalSection(SolutionConfigurationPlatforms) = preSolution
		Debug|Any CPU = Debug|Any CPU
		Release|Any CPU = Release|Any CPU
	EndGlobalSection
	GlobalSection(ProjectConfigurationPlatforms) = postSolution
		{2055F06F-DCBE-4C62-A852-53AF5FD77762}.Debug|Any CPU.ActiveCfg = Debug|Any CPU
		{2055F06F-DCBE-4C62-A852-53AF5FD77762}.Debug|Any CPU.Build.0 = Debug|Any CPU
		{2055F06F-DCBE-4C62-A852-53AF5FD77762}.Release|Any CPU.ActiveCfg = Release|Any CPU
		{2055F06F-DCBE-4C62-A852-53AF5FD77762}.Release|Any CPU.Build.0 = Release|Any CPU
		{12D86F6F-DB97-42D2-9FF5-D950525751A4}.Debug|Any CPU.ActiveCfg = Debug|Any CPU
		{12D86F6F-DB97-42D2-9FF5-D950525751A4}.Debug|Any CPU.Build.0 = Debug|Any CPU
		{12D86F6F-DB97-42D2-9FF5-D950525751A4}.Release|Any CPU.ActiveCfg = Release|Any CPU
		{12D86F6F-DB97-42D2-9FF5-D950525751A4}.Release|Any CPU.Build.0 = Release|Any CPU
		{433A1A3D-B785-4BC5-BA30-8073EA20E6E9}.Debug|Any CPU.ActiveCfg = Debug|Any CPU
		{433A1A3D-B785-4BC5-BA30-8073EA20E6E9}.Debug|Any CPU.Build.0 = Debug|Any CPU
		{433A1A3D-B785-4BC5-BA30-8073EA20E6E9}.Release|Any CPU.ActiveCfg = Release|Any CPU
		{433A1A3D-B785-4BC5-BA30-8073EA20E6E9}.Release|Any CPU.Build.0 = Release|Any CPU
		{71BF2469-729A-47E9-80C5-42B917BF88D2}.Debug|Any CPU.ActiveCfg = Debug|Any CPU
		{71BF2469-729A-47E9-80C5-42B917BF88D2}.Debug|Any CPU.Build.0 = Debug|Any CPU
		{71BF2469-729A-47E9-80C5-42B917BF88D2}.Release|Any CPU.ActiveCfg = Release|Any CPU
		{71BF2469-729A-47E9-80C5-42B917BF88D2}.Release|Any CPU.Build.0 = Release|Any CPU
		{35B3680A-26C7-486B-84CF-91D978E0A5C7}.Debug|Any CPU.ActiveCfg = Debug|Any CPU
		{35B3680A-26C7-486B-84CF-91D978E0A5C7}.Debug|Any CPU.Build.0 = Debug|Any CPU
		{35B3680A-26C7-486B-84CF-91D978E0A5C7}.Release|Any CPU.ActiveCfg = Release|Any CPU
		{35B3680A-26C7-486B-84CF-91D978E0A5C7}.Release|Any CPU.Build.0 = Release|Any CPU
		{3496F4DF-46E2-4644-AFA1-B06EBB8DC559}.Debug|Any CPU.ActiveCfg = Debug|Any CPU
		{3496F4DF-46E2-4644-AFA1-B06EBB8DC559}.Debug|Any CPU.Build.0 = Debug|Any CPU
		{3496F4DF-46E2-4644-AFA1-B06EBB8DC559}.Release|Any CPU.ActiveCfg = Release|Any CPU
		{3496F4DF-46E2-4644-AFA1-B06EBB8DC559}.Release|Any CPU.Build.0 = Release|Any CPU
		{8F719947-F499-4ECA-BF49-1A0804F21C52}.Debug|Any CPU.ActiveCfg = Debug|Any CPU
		{8F719947-F499-4ECA-BF49-1A0804F21C52}.Debug|Any CPU.Build.0 = Debug|Any CPU
		{8F719947-F499-4ECA-BF49-1A0804F21C52}.Release|Any CPU.ActiveCfg = Release|Any CPU
		{8F719947-F499-4ECA-BF49-1A0804F21C52}.Release|Any CPU.Build.0 = Release|Any CPU
		{F9217107-6F05-4069-B55A-DB6D9B7B26CB}.Debug|Any CPU.ActiveCfg = Debug|Any CPU
		{F9217107-6F05-4069-B55A-DB6D9B7B26CB}.Debug|Any CPU.Build.0 = Debug|Any CPU
		{F9217107-6F05-4069-B55A-DB6D9B7B26CB}.Release|Any CPU.ActiveCfg = Release|Any CPU
		{F9217107-6F05-4069-B55A-DB6D9B7B26CB}.Release|Any CPU.Build.0 = Release|Any CPU
		{804E40A1-5BFA-467F-914E-C144145DD0DE}.Debug|Any CPU.ActiveCfg = Debug|Any CPU
		{804E40A1-5BFA-467F-914E-C144145DD0DE}.Debug|Any CPU.Build.0 = Debug|Any CPU
		{804E40A1-5BFA-467F-914E-C144145DD0DE}.Release|Any CPU.ActiveCfg = Release|Any CPU
		{804E40A1-5BFA-467F-914E-C144145DD0DE}.Release|Any CPU.Build.0 = Release|Any CPU
		{B7E678AC-2143-4726-9C31-3BF2ABEA859A}.Debug|Any CPU.ActiveCfg = Debug|Any CPU
		{B7E678AC-2143-4726-9C31-3BF2ABEA859A}.Debug|Any CPU.Build.0 = Debug|Any CPU
		{B7E678AC-2143-4726-9C31-3BF2ABEA859A}.Release|Any CPU.ActiveCfg = Release|Any CPU
		{B7E678AC-2143-4726-9C31-3BF2ABEA859A}.Release|Any CPU.Build.0 = Release|Any CPU
		{61D7C6FA-D509-47EE-B0A8-6527DD327CD6}.Debug|Any CPU.ActiveCfg = Debug|Any CPU
		{61D7C6FA-D509-47EE-B0A8-6527DD327CD6}.Debug|Any CPU.Build.0 = Debug|Any CPU
		{61D7C6FA-D509-47EE-B0A8-6527DD327CD6}.Release|Any CPU.ActiveCfg = Release|Any CPU
		{61D7C6FA-D509-47EE-B0A8-6527DD327CD6}.Release|Any CPU.Build.0 = Release|Any CPU
		{1C225A52-D8A7-4782-B5CB-5EB02C54B767}.Debug|Any CPU.ActiveCfg = Debug|Any CPU
		{1C225A52-D8A7-4782-B5CB-5EB02C54B767}.Debug|Any CPU.Build.0 = Debug|Any CPU
		{1C225A52-D8A7-4782-B5CB-5EB02C54B767}.Release|Any CPU.ActiveCfg = Release|Any CPU
		{1C225A52-D8A7-4782-B5CB-5EB02C54B767}.Release|Any CPU.Build.0 = Release|Any CPU
		{EADB34B0-B5EF-4EFF-A78B-5D3605DC55B2}.Debug|Any CPU.ActiveCfg = Debug|Any CPU
		{EADB34B0-B5EF-4EFF-A78B-5D3605DC55B2}.Debug|Any CPU.Build.0 = Debug|Any CPU
		{EADB34B0-B5EF-4EFF-A78B-5D3605DC55B2}.Release|Any CPU.ActiveCfg = Release|Any CPU
		{EADB34B0-B5EF-4EFF-A78B-5D3605DC55B2}.Release|Any CPU.Build.0 = Release|Any CPU
		{818115A6-C167-467E-AA2C-873C5BCE854F}.Debug|Any CPU.ActiveCfg = Debug|Any CPU
		{818115A6-C167-467E-AA2C-873C5BCE854F}.Debug|Any CPU.Build.0 = Debug|Any CPU
		{818115A6-C167-467E-AA2C-873C5BCE854F}.Release|Any CPU.ActiveCfg = Release|Any CPU
		{818115A6-C167-467E-AA2C-873C5BCE854F}.Release|Any CPU.Build.0 = Release|Any CPU
		{F56510A8-F6B8-4AFB-B120-F4FFDAB0A810}.Debug|Any CPU.ActiveCfg = Debug|Any CPU
		{F56510A8-F6B8-4AFB-B120-F4FFDAB0A810}.Debug|Any CPU.Build.0 = Debug|Any CPU
		{F56510A8-F6B8-4AFB-B120-F4FFDAB0A810}.Release|Any CPU.ActiveCfg = Release|Any CPU
		{F56510A8-F6B8-4AFB-B120-F4FFDAB0A810}.Release|Any CPU.Build.0 = Release|Any CPU
		{42EA7389-9760-401E-8F34-FBC62DFAF1A5}.Debug|Any CPU.ActiveCfg = Debug|Any CPU
		{42EA7389-9760-401E-8F34-FBC62DFAF1A5}.Debug|Any CPU.Build.0 = Debug|Any CPU
		{42EA7389-9760-401E-8F34-FBC62DFAF1A5}.Release|Any CPU.ActiveCfg = Release|Any CPU
		{42EA7389-9760-401E-8F34-FBC62DFAF1A5}.Release|Any CPU.Build.0 = Release|Any CPU
		{0D1C6691-D5DE-48CD-8512-8090C4A643D3}.Debug|Any CPU.ActiveCfg = Debug|Any CPU
		{0D1C6691-D5DE-48CD-8512-8090C4A643D3}.Debug|Any CPU.Build.0 = Debug|Any CPU
		{0D1C6691-D5DE-48CD-8512-8090C4A643D3}.Release|Any CPU.ActiveCfg = Release|Any CPU
		{0D1C6691-D5DE-48CD-8512-8090C4A643D3}.Release|Any CPU.Build.0 = Release|Any CPU
		{4262E832-8AA3-4267-AB8A-4465E41DD6C3}.Debug|Any CPU.ActiveCfg = Debug|Any CPU
		{4262E832-8AA3-4267-AB8A-4465E41DD6C3}.Debug|Any CPU.Build.0 = Debug|Any CPU
		{4262E832-8AA3-4267-AB8A-4465E41DD6C3}.Release|Any CPU.ActiveCfg = Release|Any CPU
		{4262E832-8AA3-4267-AB8A-4465E41DD6C3}.Release|Any CPU.Build.0 = Release|Any CPU
		{1AC7398A-26C5-4A27-ABAE-4A6BAC3A10B4}.Debug|Any CPU.ActiveCfg = Debug|Any CPU
		{1AC7398A-26C5-4A27-ABAE-4A6BAC3A10B4}.Debug|Any CPU.Build.0 = Debug|Any CPU
		{1AC7398A-26C5-4A27-ABAE-4A6BAC3A10B4}.Release|Any CPU.ActiveCfg = Release|Any CPU
		{1AC7398A-26C5-4A27-ABAE-4A6BAC3A10B4}.Release|Any CPU.Build.0 = Release|Any CPU
	EndGlobalSection
	GlobalSection(SolutionProperties) = preSolution
		HideSolutionNode = FALSE
	EndGlobalSection
	GlobalSection(NestedProjects) = preSolution
		{2055F06F-DCBE-4C62-A852-53AF5FD77762} = {B70ACDEC-2993-49A7-9D0B-347A563194D5}
		{12D86F6F-DB97-42D2-9FF5-D950525751A4} = {B70ACDEC-2993-49A7-9D0B-347A563194D5}
		{433A1A3D-B785-4BC5-BA30-8073EA20E6E9} = {B70ACDEC-2993-49A7-9D0B-347A563194D5}
		{71BF2469-729A-47E9-80C5-42B917BF88D2} = {B70ACDEC-2993-49A7-9D0B-347A563194D5}
		{35B3680A-26C7-486B-84CF-91D978E0A5C7} = {B70ACDEC-2993-49A7-9D0B-347A563194D5}
		{3496F4DF-46E2-4644-AFA1-B06EBB8DC559} = {F08E2F38-BA62-4FF2-A071-7048BE4FA706}
		{8F719947-F499-4ECA-BF49-1A0804F21C52} = {F08E2F38-BA62-4FF2-A071-7048BE4FA706}
		{F9217107-6F05-4069-B55A-DB6D9B7B26CB} = {F08E2F38-BA62-4FF2-A071-7048BE4FA706}
		{804E40A1-5BFA-467F-914E-C144145DD0DE} = {F08E2F38-BA62-4FF2-A071-7048BE4FA706}
		{B7E678AC-2143-4726-9C31-3BF2ABEA859A} = {F08E2F38-BA62-4FF2-A071-7048BE4FA706}
		{61D7C6FA-D509-47EE-B0A8-6527DD327CD6} = {598613C4-FE81-4E48-9F08-5E5B146BBF0F}
		{1C225A52-D8A7-4782-B5CB-5EB02C54B767} = {598613C4-FE81-4E48-9F08-5E5B146BBF0F}
		{EADB34B0-B5EF-4EFF-A78B-5D3605DC55B2} = {598613C4-FE81-4E48-9F08-5E5B146BBF0F}
		{818115A6-C167-467E-AA2C-873C5BCE854F} = {598613C4-FE81-4E48-9F08-5E5B146BBF0F}
		{F56510A8-F6B8-4AFB-B120-F4FFDAB0A810} = {4DB1D113-6C9E-41CF-9633-B4E8B91313E7}
		{42EA7389-9760-401E-8F34-FBC62DFAF1A5} = {4DB1D113-6C9E-41CF-9633-B4E8B91313E7}
		{0D1C6691-D5DE-48CD-8512-8090C4A643D3} = {4DB1D113-6C9E-41CF-9633-B4E8B91313E7}
		{4262E832-8AA3-4267-AB8A-4465E41DD6C3} = {4DB1D113-6C9E-41CF-9633-B4E8B91313E7}
		{1AC7398A-26C5-4A27-ABAE-4A6BAC3A10B4} = {6D40315A-C4DD-4302-AA62-4B307A89D5F2}
	EndGlobalSection
	GlobalSection(ExtensibilityGlobals) = postSolution
		SolutionGuid = {B1292C9F-5D38-4199-ACAB-566895F85D13}
	EndGlobalSection
EndGlobal
